hash: 25e82a6655e82e79a3bcbea44740b62e08e2162893d5fabcda8c254c3fab9843
updated: 2016-12-06T10:56:23.642488519Z
imports:
- name: github.com/fortifi/proto
  version: 2aac36a65e15322f73d2ed6a3298a62121fe89bf
  repo: https://github.com/fortifi/proto.git
  vcs: git
- name: github.com/golang/protobuf
  version: 8ee79997227bf9b34611aee7946ae64735e6fd93
  subpackages:
  - proto
  - ptypes/duration
  - ptypes/timestamp
- name: golang.org/x/net
  version: 4a1c855a052c2bad0e019ccfe8193a33d77adf5e
  subpackages:
  - context
  - http2
  - http2/hpack
  - idna
  - internal/timeseries
  - lex/httplex
  - trace
- name: google.golang.org/grpc
  version: 777daa17ff9b5daef1cfdf915088a2ada3332bf0
  subpackages:
  - codes
  - credentials
  - grpclog
  - internal
  - metadata
  - naming
  - peer
  - transport
testImports: []
