hash: 852461120faad866186c239770ed37219c042852b5d35691c0f55d75f4e79ba1
updated: 2016-10-26T17:18:39.11703616+01:00
imports:
- name: github.com/fortifi/proto
  version: 77e8e5925061ee9eaf95f875d4b2cdf262ea5b87
  repo: https://github.com/fortifi/proto.git
  vcs: git
- name: github.com/golang/protobuf
  version: 98fa357170587e470c5f27d3c3ea0947b71eb455
  subpackages:
  - proto
  - ptypes/duration
  - ptypes/timestamp
- name: golang.org/x/net
  version: 65dfc08770ce66f74becfdff5f8ab01caef4e946
  subpackages:
  - context
  - http2
  - http2/hpack
  - idna
  - internal/timeseries
  - lex/httplex
  - trace
- name: google.golang.org/grpc
  version: b7f1379d3cbbbeb2ca3405852012e237aa05459e
  subpackages:
  - codes
  - credentials
  - grpclog
  - internal
  - metadata
  - naming
  - peer
  - transport
testImports: []
