hash: 852461120faad866186c239770ed37219c042852b5d35691c0f55d75f4e79ba1
updated: 2016-09-30T15:15:13.874086445+01:00
imports:
- name: github.com/fortifi/proto
  version: 8d6cbfe57d954c6b78c2567d8e778e347b1d3d03
  repo: https://github.com/fortifi/proto.git
  vcs: git
- name: github.com/golang/protobuf
  version: 87c000235d3d852c1628dc9490cd21ab36a7d69f
  subpackages:
  - proto
  - ptypes/timestamp
  - ptypes/duration
- name: golang.org/x/net
  version: a333c534c871727fb95745870e8b98a69447f2ce
  subpackages:
  - context
  - http2
  - trace
  - http2/hpack
  - idna
  - lex/httplex
  - internal/timeseries
- name: google.golang.org/grpc
  version: c2983be903f6966c83c6ea86ba74df0b7cc882cd
  subpackages:
  - codes
  - credentials
  - grpclog
  - internal
  - metadata
  - naming
  - transport
  - peer
testImports: []
